
Microsoft Visual Studio Solution File, Format Version 12.00
# Visual Studio Version 16
VisualStudioVersion = 16.0.30011.22
MinimumVisualStudioVersion = 10.0.40219.1
Project("{FAE04EC0-301F-11D3-BF4B-00C04F79EFBC}") = "ASPLaboration", "ASPLaboration.csproj", "{3B270110-4D6A-4E39-BCA8-B2DCFDEEA01A}"
EndProject
Global
	GlobalSection(SolutionConfigurationPlatforms) = preSolution
		Debug|Any CPU = Debug|Any CPU
		Release|Any CPU = Release|Any CPU
	EndGlobalSection
	GlobalSection(ProjectConfigurationPlatforms) = postSolution
		{3B270110-4D6A-4E39-BCA8-B2DCFDEEA01A}.Debug|Any CPU.ActiveCfg = Debug|Any CPU
		{3B270110-4D6A-4E39-BCA8-B2DCFDEEA01A}.Debug|Any CPU.Build.0 = Debug|Any CPU
		{3B270110-4D6A-4E39-BCA8-B2DCFDEEA01A}.Release|Any CPU.ActiveCfg = Release|Any CPU
		{3B270110-4D6A-4E39-BCA8-B2DCFDEEA01A}.Release|Any CPU.Build.0 = Release|Any CPU
	EndGlobalSection
	GlobalSection(SolutionProperties) = preSolution
		HideSolutionNode = FALSE
	EndGlobalSection
	GlobalSection(ExtensibilityGlobals) = postSolution
		SolutionGuid = {75C48D2B-4270-4D23-8814-8275F16EEF40}
	EndGlobalSection
EndGlobal
